// !$*UTF8*$!
{
	archiveVersion = 1;
	classes = {
	};
	objectVersion = 46;
	objects = {

/* Begin PBXBuildFile section */
		1CC8D3755227459AC4D7AE7C /* libPods.a in Frameworks */ = {isa = PBXBuildFile; fileRef = 0FFCD02679FA25AC66FA490C /* libPods.a */; };
		382715BF1B67184F00294722 /* main.m in Sources */ = {isa = PBXBuildFile; fileRef = 382715BE1B67184F00294722 /* main.m */; };
		382715C21B67184F00294722 /* AppDelegate.m in Sources */ = {isa = PBXBuildFile; fileRef = 382715C11B67184F00294722 /* AppDelegate.m */; };
		382715C51B67184F00294722 /* ViewController.m in Sources */ = {isa = PBXBuildFile; fileRef = 382715C41B67184F00294722 /* ViewController.m */; };
		382715C81B67184F00294722 /* Main.storyboard in Resources */ = {isa = PBXBuildFile; fileRef = 382715C61B67184F00294722 /* Main.storyboard */; };
		382715CA1B67184F00294722 /* Images.xcassets in Resources */ = {isa = PBXBuildFile; fileRef = 382715C91B67184F00294722 /* Images.xcassets */; };
		382715CD1B67184F00294722 /* LaunchScreen.xib in Resources */ = {isa = PBXBuildFile; fileRef = 382715CB1B67184F00294722 /* LaunchScreen.xib */; };
		382715D91B67184F00294722 /* iOSVZeroDemoTests.m in Sources */ = {isa = PBXBuildFile; fileRef = 382715D81B67184F00294722 /* iOSVZeroDemoTests.m */; };
/* End PBXBuildFile section */

/* Begin PBXContainerItemProxy section */
		382715D31B67184F00294722 /* PBXContainerItemProxy */ = {
			isa = PBXContainerItemProxy;
			containerPortal = 382715B11B67184F00294722 /* Project object */;
			proxyType = 1;
			remoteGlobalIDString = 382715B81B67184F00294722;
			remoteInfo = iOSVZeroDemo;
		};
/* End PBXContainerItemProxy section */

/* Begin PBXFileReference section */
		0FFCD02679FA25AC66FA490C /* libPods.a */ = {isa = PBXFileReference; explicitFileType = archive.ar; includeInIndex = 0; path = libPods.a; sourceTree = BUILT_PRODUCTS_DIR; };
		2B63CCC89815166272E01118 /* Pods.release.xcconfig */ = {isa = PBXFileReference; includeInIndex = 1; lastKnownFileType = text.xcconfig; name = Pods.release.xcconfig; path = "../Pods/Target Support Files/Pods/Pods.release.xcconfig"; sourceTree = "<group>"; };
		382715B91B67184F00294722 /* iOSVZeroDemo.app */ = {isa = PBXFileReference; explicitFileType = wrapper.application; includeInIndex = 0; path = iOSVZeroDemo.app; sourceTree = BUILT_PRODUCTS_DIR; };
		382715BD1B67184F00294722 /* Info.plist */ = {isa = PBXFileReference; lastKnownFileType = text.plist.xml; path = Info.plist; sourceTree = "<group>"; };
		382715BE1B67184F00294722 /* main.m */ = {isa = PBXFileReference; lastKnownFileType = sourcecode.c.objc; path = main.m; sourceTree = "<group>"; };
		382715C01B67184F00294722 /* AppDelegate.h */ = {isa = PBXFileReference; lastKnownFileType = sourcecode.c.h; path = AppDelegate.h; sourceTree = "<group>"; };
		382715C11B67184F00294722 /* AppDelegate.m */ = {isa = PBXFileReference; lastKnownFileType = sourcecode.c.objc; path = AppDelegate.m; sourceTree = "<group>"; };
		382715C31B67184F00294722 /* ViewController.h */ = {isa = PBXFileReference; lastKnownFileType = sourcecode.c.h; path = ViewController.h; sourceTree = "<group>"; };
		382715C41B67184F00294722 /* ViewController.m */ = {isa = PBXFileReference; lastKnownFileType = sourcecode.c.objc; path = ViewController.m; sourceTree = "<group>"; };
		382715C71B67184F00294722 /* Base */ = {isa = PBXFileReference; lastKnownFileType = file.storyboard; name = Base; path = Base.lproj/Main.storyboard; sourceTree = "<group>"; };
		382715C91B67184F00294722 /* Images.xcassets */ = {isa = PBXFileReference; lastKnownFileType = folder.assetcatalog; path = Images.xcassets; sourceTree = "<group>"; };
		382715CC1B67184F00294722 /* Base */ = {isa = PBXFileReference; lastKnownFileType = file.xib; name = Base; path = Base.lproj/LaunchScreen.xib; sourceTree = "<group>"; };
		382715D21B67184F00294722 /* iOSVZeroDemoTests.xctest */ = {isa = PBXFileReference; explicitFileType = wrapper.cfbundle; includeInIndex = 0; path = iOSVZeroDemoTests.xctest; sourceTree = BUILT_PRODUCTS_DIR; };
		382715D71B67184F00294722 /* Info.plist */ = {isa = PBXFileReference; lastKnownFileType = text.plist.xml; path = Info.plist; sourceTree = "<group>"; };
		382715D81B67184F00294722 /* iOSVZeroDemoTests.m */ = {isa = PBXFileReference; lastKnownFileType = sourcecode.c.objc; path = iOSVZeroDemoTests.m; sourceTree = "<group>"; };
		86AD2948C84B23AA790926A7 /* Pods.debug.xcconfig */ = {isa = PBXFileReference; includeInIndex = 1; lastKnownFileType = text.xcconfig; name = Pods.debug.xcconfig; path = "../Pods/Target Support Files/Pods/Pods.debug.xcconfig"; sourceTree = "<group>"; };
/* End PBXFileReference section */

/* Begin PBXFrameworksBuildPhase section */
		382715B61B67184F00294722 /* Frameworks */ = {
			isa = PBXFrameworksBuildPhase;
			buildActionMask = 2147483647;
			files = (
				1CC8D3755227459AC4D7AE7C /* libPods.a in Frameworks */,
			);
			runOnlyForDeploymentPostprocessing = 0;
		};
		382715CF1B67184F00294722 /* Frameworks */ = {
			isa = PBXFrameworksBuildPhase;
			buildActionMask = 2147483647;
			files = (
			);
			runOnlyForDeploymentPostprocessing = 0;
		};
/* End PBXFrameworksBuildPhase section */

/* Begin PBXGroup section */
		00E5F3982207230C84AFE564 /* Pods */ = {
			isa = PBXGroup;
			children = (
				86AD2948C84B23AA790926A7 /* Pods.debug.xcconfig */,
				2B63CCC89815166272E01118 /* Pods.release.xcconfig */,
			);
			name = Pods;
			sourceTree = "<group>";
		};
		382715B01B67184F00294722 = {
			isa = PBXGroup;
			children = (
				382715BB1B67184F00294722 /* iOSVZeroDemo */,
				382715D51B67184F00294722 /* iOSVZeroDemoTests */,
				382715BA1B67184F00294722 /* Products */,
				00E5F3982207230C84AFE564 /* Pods */,
				D8981FC0427ECEA191D107E9 /* Frameworks */,
			);
			sourceTree = "<group>";
		};
		382715BA1B67184F00294722 /* Products */ = {
			isa = PBXGroup;
			children = (
				382715B91B67184F00294722 /* iOSVZeroDemo.app */,
				382715D21B67184F00294722 /* iOSVZeroDemoTests.xctest */,
			);
			name = Products;
			sourceTree = "<group>";
		};
		382715BB1B67184F00294722 /* iOSVZeroDemo */ = {
			isa = PBXGroup;
			children = (
				382715C01B67184F00294722 /* AppDelegate.h */,
				382715C11B67184F00294722 /* AppDelegate.m */,
				382715C31B67184F00294722 /* ViewController.h */,
				382715C41B67184F00294722 /* ViewController.m */,
				382715C61B67184F00294722 /* Main.storyboard */,
				382715C91B67184F00294722 /* Images.xcassets */,
				382715CB1B67184F00294722 /* LaunchScreen.xib */,
				382715BC1B67184F00294722 /* Supporting Files */,
			);
			path = iOSVZeroDemo;
			sourceTree = "<group>";
		};
		382715BC1B67184F00294722 /* Supporting Files */ = {
			isa = PBXGroup;
			children = (
				382715BD1B67184F00294722 /* Info.plist */,
				382715BE1B67184F00294722 /* main.m */,
			);
			name = "Supporting Files";
			sourceTree = "<group>";
		};
		382715D51B67184F00294722 /* iOSVZeroDemoTests */ = {
			isa = PBXGroup;
			children = (
				382715D81B67184F00294722 /* iOSVZeroDemoTests.m */,
				382715D61B67184F00294722 /* Supporting Files */,
			);
			path = iOSVZeroDemoTests;
			sourceTree = "<group>";
		};
		382715D61B67184F00294722 /* Supporting Files */ = {
			isa = PBXGroup;
			children = (
				382715D71B67184F00294722 /* Info.plist */,
			);
			name = "Supporting Files";
			sourceTree = "<group>";
		};
		D8981FC0427ECEA191D107E9 /* Frameworks */ = {
			isa = PBXGroup;
			children = (
				0FFCD02679FA25AC66FA490C /* libPods.a */,
			);
			name = Frameworks;
			sourceTree = "<group>";
		};
/* End PBXGroup section */

/* Begin PBXNativeTarget section */
		382715B81B67184F00294722 /* iOSVZeroDemo */ = {
			isa = PBXNativeTarget;
			buildConfigurationList = 382715DC1B67184F00294722 /* Build configuration list for PBXNativeTarget "iOSVZeroDemo" */;
			buildPhases = (
				593D30266C70529FD5ACB742 /* Check Pods Manifest.lock */,
				382715B51B67184F00294722 /* Sources */,
				382715B61B67184F00294722 /* Frameworks */,
				382715B71B67184F00294722 /* Resources */,
				FD712F779A9072D8C61301C3 /* Copy Pods Resources */,
			);
			buildRules = (
			);
			dependencies = (
			);
			name = iOSVZeroDemo;
			productName = iOSVZeroDemo;
			productReference = 382715B91B67184F00294722 /* iOSVZeroDemo.app */;
			productType = "com.apple.product-type.application";
		};
		382715D11B67184F00294722 /* iOSVZeroDemoTests */ = {
			isa = PBXNativeTarget;
			buildConfigurationList = 382715DF1B67184F00294722 /* Build configuration list for PBXNativeTarget "iOSVZeroDemoTests" */;
			buildPhases = (
				382715CE1B67184F00294722 /* Sources */,
				382715CF1B67184F00294722 /* Frameworks */,
				382715D01B67184F00294722 /* Resources */,
			);
			buildRules = (
			);
			dependencies = (
				382715D41B67184F00294722 /* PBXTargetDependency */,
			);
			name = iOSVZeroDemoTests;
			productName = iOSVZeroDemoTests;
			productReference = 382715D21B67184F00294722 /* iOSVZeroDemoTests.xctest */;
			productType = "com.apple.product-type.bundle.unit-test";
		};
/* End PBXNativeTarget section */

/* Begin PBXProject section */
		382715B11B67184F00294722 /* Project object */ = {
			isa = PBXProject;
			attributes = {
				LastUpgradeCheck = 0640;
				ORGANIZATIONNAME = "Prestes, Jefferson";
				TargetAttributes = {
					382715B81B67184F00294722 = {
						CreatedOnToolsVersion = 6.4;
					};
					382715D11B67184F00294722 = {
						CreatedOnToolsVersion = 6.4;
						TestTargetID = 382715B81B67184F00294722;
					};
				};
			};
			buildConfigurationList = 382715B41B67184F00294722 /* Build configuration list for PBXProject "iOSVZeroDemo" */;
			compatibilityVersion = "Xcode 3.2";
			developmentRegion = English;
			hasScannedForEncodings = 0;
			knownRegions = (
				en,
				Base,
			);
			mainGroup = 382715B01B67184F00294722;
			productRefGroup = 382715BA1B67184F00294722 /* Products */;
			projectDirPath = "";
			projectRoot = "";
			targets = (
				382715B81B67184F00294722 /* iOSVZeroDemo */,
				382715D11B67184F00294722 /* iOSVZeroDemoTests */,
			);
		};
/* End PBXProject section */

/* Begin PBXResourcesBuildPhase section */
		382715B71B67184F00294722 /* Resources */ = {
			isa = PBXResourcesBuildPhase;
			buildActionMask = 2147483647;
			files = (
				382715C81B67184F00294722 /* Main.storyboard in Resources */,
				382715CD1B67184F00294722 /* LaunchScreen.xib in Resources */,
				382715CA1B67184F00294722 /* Images.xcassets in Resources */,
			);
			runOnlyForDeploymentPostprocessing = 0;
		};
		382715D01B67184F00294722 /* Resources */ = {
			isa = PBXResourcesBuildPhase;
			buildActionMask = 2147483647;
			files = (
			);
			runOnlyForDeploymentPostprocessing = 0;
		};
/* End PBXResourcesBuildPhase section */

/* Begin PBXShellScriptBuildPhase section */
		593D30266C70529FD5ACB742 /* Check Pods Manifest.lock */ = {
			isa = PBXShellScriptBuildPhase;
			buildActionMask = 2147483647;
			files = (
			);
			inputPaths = (
			);
			name = "Check Pods Manifest.lock";
			outputPaths = (
			);
			runOnlyForDeploymentPostprocessing = 0;
			shellPath = /bin/sh;
			shellScript = "diff \"${PODS_ROOT}/../Podfile.lock\" \"${PODS_ROOT}/Manifest.lock\" > /dev/null\nif [[ $? != 0 ]] ; then\n    cat << EOM\nerror: The sandbox is not in sync with the Podfile.lock. Run 'pod install' or update your CocoaPods installation.\nEOM\n    exit 1\nfi\n";
			showEnvVarsInLog = 0;
		};
		FD712F779A9072D8C61301C3 /* Copy Pods Resources */ = {
			isa = PBXShellScriptBuildPhase;
			buildActionMask = 2147483647;
			files = (
			);
			inputPaths = (
			);
			name = "Copy Pods Resources";
			outputPaths = (
			);
			runOnlyForDeploymentPostprocessing = 0;
			shellPath = /bin/sh;
			shellScript = "\"${SRCROOT}/../Pods/Target Support Files/Pods/Pods-resources.sh\"\n";
			showEnvVarsInLog = 0;
		};
/* End PBXShellScriptBuildPhase section */

/* Begin PBXSourcesBuildPhase section */
		382715B51B67184F00294722 /* Sources */ = {
			isa = PBXSourcesBuildPhase;
			buildActionMask = 2147483647;
			files = (
				382715C51B67184F00294722 /* ViewController.m in Sources */,
				382715C21B67184F00294722 /* AppDelegate.m in Sources */,
				382715BF1B67184F00294722 /* main.m in Sources */,
			);
			runOnlyForDeploymentPostprocessing = 0;
		};
		382715CE1B67184F00294722 /* Sources */ = {
			isa = PBXSourcesBuildPhase;
			buildActionMask = 2147483647;
			files = (
				382715D91B67184F00294722 /* iOSVZeroDemoTests.m in Sources */,
			);
			runOnlyForDeploymentPostprocessing = 0;
		};
/* End PBXSourcesBuildPhase section */

/* Begin PBXTargetDependency section */
		382715D41B67184F00294722 /* PBXTargetDependency */ = {
			isa = PBXTargetDependency;
			target = 382715B81B67184F00294722 /* iOSVZeroDemo */;
			targetProxy = 382715D31B67184F00294722 /* PBXContainerItemProxy */;
		};
/* End PBXTargetDependency section */

/* Begin PBXVariantGroup section */
		382715C61B67184F00294722 /* Main.storyboard */ = {
			isa = PBXVariantGroup;
			children = (
				382715C71B67184F00294722 /* Base */,
			);
			name = Main.storyboard;
			sourceTree = "<group>";
		};
		382715CB1B67184F00294722 /* LaunchScreen.xib */ = {
			isa = PBXVariantGroup;
			children = (
				382715CC1B67184F00294722 /* Base */,
			);
			name = LaunchScreen.xib;
			sourceTree = "<group>";
		};
/* End PBXVariantGroup section */

/* Begin XCBuildConfiguration section */
		382715DA1B67184F00294722 /* Debug */ = {
			isa = XCBuildConfiguration;
			buildSettings = {
				ALWAYS_SEARCH_USER_PATHS = NO;
				CLANG_CXX_LANGUAGE_STANDARD = "gnu++0x";
				CLANG_CXX_LIBRARY = "libc++";
				CLANG_ENABLE_MODULES = YES;
				CLANG_ENABLE_OBJC_ARC = YES;
				CLANG_WARN_BOOL_CONVERSION = YES;
				CLANG_WARN_CONSTANT_CONVERSION = YES;
				CLANG_WARN_DIRECT_OBJC_ISA_USAGE = YES_ERROR;
				CLANG_WARN_EMPTY_BODY = YES;
				CLANG_WARN_ENUM_CONVERSION = YES;
				CLANG_WARN_INT_CONVERSION = YES;
				CLANG_WARN_OBJC_ROOT_CLASS = YES_ERROR;
				CLANG_WARN_UNREACHABLE_CODE = YES;
				CLANG_WARN__DUPLICATE_METHOD_MATCH = YES;
				"CODE_SIGN_IDENTITY[sdk=iphoneos*]" = "iPhone Developer";
				COPY_PHASE_STRIP = NO;
				DEBUG_INFORMATION_FORMAT = "dwarf-with-dsym";
				ENABLE_STRICT_OBJC_MSGSEND = YES;
				GCC_C_LANGUAGE_STANDARD = gnu99;
				GCC_DYNAMIC_NO_PIC = NO;
				GCC_NO_COMMON_BLOCKS = YES;
				GCC_OPTIMIZATION_LEVEL = 0;
				GCC_PREPROCESSOR_DEFINITIONS = (
					"DEBUG=1",
					"$(inherited)",
				);
				GCC_SYMBOLS_PRIVATE_EXTERN = NO;
				GCC_WARN_64_TO_32_BIT_CONVERSION = YES;
				GCC_WARN_ABOUT_RETURN_TYPE = YES_ERROR;
				GCC_WARN_UNDECLARED_SELECTOR = YES;
				GCC_WARN_UNINITIALIZED_AUTOS = YES_AGGRESSIVE;
				GCC_WARN_UNUSED_FUNCTION = YES;
				GCC_WARN_UNUSED_VARIABLE = YES;
				IPHONEOS_DEPLOYMENT_TARGET = 8.4;
				MTL_ENABLE_DEBUG_INFO = YES;
				ONLY_ACTIVE_ARCH = YES;
				SDKROOT = iphoneos;
			};
			name = Debug;
		};
		382715DB1B67184F00294722 /* Release */ = {
			isa = XCBuildConfiguration;
			buildSettings = {
				ALWAYS_SEARCH_USER_PATHS = NO;
				CLANG_CXX_LANGUAGE_STANDARD = "gnu++0x";
				CLANG_CXX_LIBRARY = "libc++";
				CLANG_ENABLE_MODULES = YES;
				CLANG_ENABLE_OBJC_ARC = YES;
				CLANG_WARN_BOOL_CONVERSION = YES;
				CLANG_WARN_CONSTANT_CONVERSION = YES;
				CLANG_WARN_DIRECT_OBJC_ISA_USAGE = YES_ERROR;
				CLANG_WARN_EMPTY_BODY = YES;
				CLANG_WARN_ENUM_CONVERSION = YES;
				CLANG_WARN_INT_CONVERSION = YES;
				CLANG_WARN_OBJC_ROOT_CLASS = YES_ERROR;
				CLANG_WARN_UNREACHABLE_CODE = YES;
				CLANG_WARN__DUPLICATE_METHOD_MATCH = YES;
				"CODE_SIGN_IDENTITY[sdk=iphoneos*]" = "iPhone Developer";
				COPY_PHASE_STRIP = NO;
				DEBUG_INFORMATION_FORMAT = "dwarf-with-dsym";
				ENABLE_NS_ASSERTIONS = NO;
				ENABLE_STRICT_OBJC_MSGSEND = YES;
				GCC_C_LANGUAGE_STANDARD = gnu99;
				GCC_NO_COMMON_BLOCKS = YES;
				GCC_WARN_64_TO_32_BIT_CONVERSION = YES;
				GCC_WARN_ABOUT_RETURN_TYPE = YES_ERROR;
				GCC_WARN_UNDECLARED_SELECTOR = YES;
				GCC_WARN_UNINITIALIZED_AUTOS = YES_AGGRESSIVE;
				GCC_WARN_UNUSED_FUNCTION = YES;
				GCC_WARN_UNUSED_VARIABLE = YES;
				IPHONEOS_DEPLOYMENT_TARGET = 8.4;
				MTL_ENABLE_DEBUG_INFO = NO;
				SDKROOT = iphoneos;
				VALIDATE_PRODUCT = YES;
			};
			name = Release;
		};
		382715DD1B67184F00294722 /* Debug */ = {
			isa = XCBuildConfiguration;
			baseConfigurationReference = 86AD2948C84B23AA790926A7 /* Pods.debug.xcconfig */;
			buildSettings = {
				ASSETCATALOG_COMPILER_APPICON_NAME = AppIcon;
				INFOPLIST_FILE = iOSVZeroDemo/Info.plist;
				LD_RUNPATH_SEARCH_PATHS = "$(inherited) @executable_path/Frameworks";
				PRODUCT_NAME = "$(TARGET_NAME)";
			};
			name = Debug;
		};
		382715DE1B67184F00294722 /* Release */ = {
			isa = XCBuildConfiguration;
			baseConfigurationReference = 2B63CCC89815166272E01118 /* Pods.release.xcconfig */;
			buildSettings = {
				ASSETCATALOG_COMPILER_APPICON_NAME = AppIcon;
				INFOPLIST_FILE = iOSVZeroDemo/Info.plist;
				LD_RUNPATH_SEARCH_PATHS = "$(inherited) @executable_path/Frameworks";
				PRODUCT_NAME = "$(TARGET_NAME)";
			};
			name = Release;
		};
		382715E01B67184F00294722 /* Debug */ = {
			isa = XCBuildConfiguration;
			buildSettings = {
				BUNDLE_LOADER = "$(TEST_HOST)";
				FRAMEWORK_SEARCH_PATHS = (
					"$(SDKROOT)/Developer/Library/Frameworks",
					"$(inherited)",
				);
				GCC_PREPROCESSOR_DEFINITIONS = (
					"DEBUG=1",
					"$(inherited)",
				);
				INFOPLIST_FILE = iOSVZeroDemoTests/Info.plist;
				LD_RUNPATH_SEARCH_PATHS = "$(inherited) @executable_path/Frameworks @loader_path/Frameworks";
				PRODUCT_NAME = "$(TARGET_NAME)";
				TEST_HOST = "$(BUILT_PRODUCTS_DIR)/iOSVZeroDemo.app/iOSVZeroDemo";
			};
			name = Debug;
		};
		382715E11B67184F00294722 /* Release */ = {
			isa = XCBuildConfiguration;
			buildSettings = {
				BUNDLE_LOADER = "$(TEST_HOST)";
				FRAMEWORK_SEARCH_PATHS = (
					"$(SDKROOT)/Developer/Library/Frameworks",
					"$(inherited)",
				);
				INFOPLIST_FILE = iOSVZeroDemoTests/Info.plist;
				LD_RUNPATH_SEARCH_PATHS = "$(inherited) @executable_path/Frameworks @loader_path/Frameworks";
				PRODUCT_NAME = "$(TARGET_NAME)";
				TEST_HOST = "$(BUILT_PRODUCTS_DIR)/iOSVZeroDemo.app/iOSVZeroDemo";
			};
			name = Release;
		};
/* End XCBuildConfiguration section */

/* Begin XCConfigurationList section */
		382715B41B67184F00294722 /* Build configuration list for PBXProject "iOSVZeroDemo" */ = {
			isa = XCConfigurationList;
			buildConfigurations = (
				382715DA1B67184F00294722 /* Debug */,
				382715DB1B67184F00294722 /* Release */,
			);
			defaultConfigurationIsVisible = 0;
			defaultConfigurationName = Release;
		};
		382715DC1B67184F00294722 /* Build configuration list for PBXNativeTarget "iOSVZeroDemo" */ = {
			isa = XCConfigurationList;
			buildConfigurations = (
				382715DD1B67184F00294722 /* Debug */,
				382715DE1B67184F00294722 /* Release */,
			);
			defaultConfigurationIsVisible = 0;
			defaultConfigurationName = Release;
		};
		382715DF1B67184F00294722 /* Build configuration list for PBXNativeTarget "iOSVZeroDemoTests" */ = {
			isa = XCConfigurationList;
			buildConfigurations = (
				382715E01B67184F00294722 /* Debug */,
				382715E11B67184F00294722 /* Release */,
			);
			defaultConfigurationIsVisible = 0;
			defaultConfigurationName = Release;
		};
/* End XCConfigurationList section */
	};
	rootObject = 382715B11B67184F00294722 /* Project object */;
}
